
Microsoft Visual Studio Solution File, Format Version 12.00
# Visual Studio Version 17
VisualStudioVersion = 17.14.36414.22 d17.14
MinimumVisualStudioVersion = 10.0.40219.1
Project("{FAE04EC0-301F-11D3-BF4B-00C04F79EFBC}") = "FormSite", "FormSite.csproj", "{FD28CF4D-A773-41CD-DACB-D689FCE32D7A}"
EndProject
Global
	GlobalSection(SolutionConfigurationPlatforms) = preSolution
		Debug|Any CPU = Debug|Any CPU
		Release|Any CPU = Release|Any CPU
	EndGlobalSection
	GlobalSection(ProjectConfigurationPlatforms) = postSolution
		{FD28CF4D-A773-41CD-DACB-D689FCE32D7A}.Debug|Any CPU.ActiveCfg = Debug|Any CPU
		{FD28CF4D-A773-41CD-DACB-D689FCE32D7A}.Debug|Any CPU.Build.0 = Debug|Any CPU
		{FD28CF4D-A773-41CD-DACB-D689FCE32D7A}.Release|Any CPU.ActiveCfg = Release|Any CPU
		{FD28CF4D-A773-41CD-DACB-D689FCE32D7A}.Release|Any CPU.Build.0 = Release|Any CPU
	EndGlobalSection
	GlobalSection(SolutionProperties) = preSolution
		HideSolutionNode = FALSE
	EndGlobalSection
	GlobalSection(ExtensibilityGlobals) = postSolution
		SolutionGuid = {20272038-BBAB-4D95-87B8-D4A556FAD69B}
	EndGlobalSection
EndGlobal
